
Microsoft Visual Studio Solution File, Format Version 12.00
# Visual Studio Version 16
VisualStudioVersion = 16.0.29519.161
MinimumVisualStudioVersion = 10.0.40219.1
Project("{151D2E53-A2C4-4D7D-83FE-D05416EBD58E}") = "terraform", "terraform.deployproj", "{699B42FC-978B-455E-9DEF-6F1E3B5DC54A}"
EndProject
Global
	GlobalSection(SolutionConfigurationPlatforms) = preSolution
		Debug|Any CPU = Debug|Any CPU
		Release|Any CPU = Release|Any CPU
	EndGlobalSection
	GlobalSection(ProjectConfigurationPlatforms) = postSolution
		{699B42FC-978B-455E-9DEF-6F1E3B5DC54A}.Debug|Any CPU.ActiveCfg = Debug|Any CPU
		{699B42FC-978B-455E-9DEF-6F1E3B5DC54A}.Debug|Any CPU.Build.0 = Debug|Any CPU
		{699B42FC-978B-455E-9DEF-6F1E3B5DC54A}.Release|Any CPU.ActiveCfg = Release|Any CPU
		{699B42FC-978B-455E-9DEF-6F1E3B5DC54A}.Release|Any CPU.Build.0 = Release|Any CPU
	EndGlobalSection
	GlobalSection(SolutionProperties) = preSolution
		HideSolutionNode = FALSE
	EndGlobalSection
	GlobalSection(ExtensibilityGlobals) = postSolution
		SolutionGuid = {16950989-0165-4F3A-B702-02AF41829810}
	EndGlobalSection
EndGlobal
